
Microsoft Visual Studio Solution File, Format Version 12.00
# Visual Studio Version 17
VisualStudioVersion = 17.1.31820.4
MinimumVisualStudioVersion = 10.0.40219.1
Project("{FAE04EC0-301F-11D3-BF4B-00C04F79EFBC}") = "SolutionDiff", "SolutionDiff\SolutionDiff.csproj", "{5A317A0A-1D13-40A4-9201-3F96547A9CB6}"
EndProject
Project("{9A19103F-16F7-4668-BE54-9A1E7A4F7556}") = "MvsSln", "External\MvsSln\MvsSln\MvsSln.csproj", "{2B09DF72-9F72-477C-BDE3-117E8221138D}"
EndProject
Global
	GlobalSection(SolutionConfigurationPlatforms) = preSolution
		Debug|Any CPU = Debug|Any CPU
		PublicRelease|Any CPU = PublicRelease|Any CPU
		Release|Any CPU = Release|Any CPU
	EndGlobalSection
	GlobalSection(ProjectConfigurationPlatforms) = postSolution
		{5A317A0A-1D13-40A4-9201-3F96547A9CB6}.Debug|Any CPU.ActiveCfg = Debug|Any CPU
		{5A317A0A-1D13-40A4-9201-3F96547A9CB6}.Debug|Any CPU.Build.0 = Debug|Any CPU
		{5A317A0A-1D13-40A4-9201-3F96547A9CB6}.PublicRelease|Any CPU.ActiveCfg = Release|Any CPU
		{5A317A0A-1D13-40A4-9201-3F96547A9CB6}.PublicRelease|Any CPU.Build.0 = Release|Any CPU
		{5A317A0A-1D13-40A4-9201-3F96547A9CB6}.Release|Any CPU.ActiveCfg = Release|Any CPU
		{5A317A0A-1D13-40A4-9201-3F96547A9CB6}.Release|Any CPU.Build.0 = Release|Any CPU
		{2B09DF72-9F72-477C-BDE3-117E8221138D}.Debug|Any CPU.ActiveCfg = Debug|Any CPU
		{2B09DF72-9F72-477C-BDE3-117E8221138D}.Debug|Any CPU.Build.0 = Debug|Any CPU
		{2B09DF72-9F72-477C-BDE3-117E8221138D}.PublicRelease|Any CPU.ActiveCfg = PublicRelease|Any CPU
		{2B09DF72-9F72-477C-BDE3-117E8221138D}.PublicRelease|Any CPU.Build.0 = PublicRelease|Any CPU
		{2B09DF72-9F72-477C-BDE3-117E8221138D}.Release|Any CPU.ActiveCfg = Release|Any CPU
		{2B09DF72-9F72-477C-BDE3-117E8221138D}.Release|Any CPU.Build.0 = Release|Any CPU
	EndGlobalSection
	GlobalSection(SolutionProperties) = preSolution
		HideSolutionNode = FALSE
	EndGlobalSection
	GlobalSection(ExtensibilityGlobals) = postSolution
		SolutionGuid = {B44529B2-B6C6-4F1B-B8DA-7D27AD9363A7}
	EndGlobalSection
EndGlobal
